
Microsoft Visual Studio Solution File, Format Version 12.00
# Visual Studio Version 17
VisualStudioVersion = 17.0.32014.148
MinimumVisualStudioVersion = 10.0.40219.1
Project("{FAE04EC0-301F-11D3-BF4B-00C04F79EFBC}") = "BlazorWasmSignalrNet6.Server", "BlazorWasmSignalrNet6\Server\BlazorWasmSignalrNet6.Server.csproj", "{70969E22-006D-498B-9D69-F85DDE3498AD}"
EndProject
Project("{FAE04EC0-301F-11D3-BF4B-00C04F79EFBC}") = "BlazorWasmSignalrNet6.Client", "BlazorWasmSignalrNet6\Client\BlazorWasmSignalrNet6.Client.csproj", "{BF42E992-4D23-4B18-A64B-CD4B7CDB41A0}"
EndProject
Project("{FAE04EC0-301F-11D3-BF4B-00C04F79EFBC}") = "BlazorWasmSignalrNet6.Shared", "BlazorWasmSignalrNet6\Shared\BlazorWasmSignalrNet6.Shared.csproj", "{B8D8AF20-6639-4D53-B800-1704C78F0A61}"
EndProject
Global
	GlobalSection(SolutionConfigurationPlatforms) = preSolution
		Debug|Any CPU = Debug|Any CPU
		Release|Any CPU = Release|Any CPU
	EndGlobalSection
	GlobalSection(ProjectConfigurationPlatforms) = postSolution
		{70969E22-006D-498B-9D69-F85DDE3498AD}.Debug|Any CPU.ActiveCfg = Debug|Any CPU
		{70969E22-006D-498B-9D69-F85DDE3498AD}.Debug|Any CPU.Build.0 = Debug|Any CPU
		{70969E22-006D-498B-9D69-F85DDE3498AD}.Release|Any CPU.ActiveCfg = Release|Any CPU
		{70969E22-006D-498B-9D69-F85DDE3498AD}.Release|Any CPU.Build.0 = Release|Any CPU
		{BF42E992-4D23-4B18-A64B-CD4B7CDB41A0}.Debug|Any CPU.ActiveCfg = Debug|Any CPU
		{BF42E992-4D23-4B18-A64B-CD4B7CDB41A0}.Debug|Any CPU.Build.0 = Debug|Any CPU
		{BF42E992-4D23-4B18-A64B-CD4B7CDB41A0}.Release|Any CPU.ActiveCfg = Release|Any CPU
		{BF42E992-4D23-4B18-A64B-CD4B7CDB41A0}.Release|Any CPU.Build.0 = Release|Any CPU
		{B8D8AF20-6639-4D53-B800-1704C78F0A61}.Debug|Any CPU.ActiveCfg = Debug|Any CPU
		{B8D8AF20-6639-4D53-B800-1704C78F0A61}.Debug|Any CPU.Build.0 = Debug|Any CPU
		{B8D8AF20-6639-4D53-B800-1704C78F0A61}.Release|Any CPU.ActiveCfg = Release|Any CPU
		{B8D8AF20-6639-4D53-B800-1704C78F0A61}.Release|Any CPU.Build.0 = Release|Any CPU
	EndGlobalSection
	GlobalSection(SolutionProperties) = preSolution
		HideSolutionNode = FALSE
	EndGlobalSection
	GlobalSection(ExtensibilityGlobals) = postSolution
		SolutionGuid = {7F9D90AD-952E-4AA0-AFDC-4BCDFA16CFCF}
	EndGlobalSection
EndGlobal
